
Microsoft Visual Studio Solution File, Format Version 12.00
Project("{2150E333-8FDC-42A3-9474-1A3956D46DE8}") = "Solution Items", "Solution Items", "{4CFE5A2A-FC41-404F-9F62-348ED5AC67F5}"
	ProjectSection(SolutionItems) = preProject
		docker-compose.yaml = docker-compose.yaml
	EndProjectSection
EndProject
Project("{FAE04EC0-301F-11D3-BF4B-00C04F79EFBC}") = "DevHabits.Api", "DevHabits.Api\DevHabits.Api.csproj", "{368C5A8F-43D5-4D59-825F-08AF70FF1A7E}"
EndProject
Global
	GlobalSection(SolutionConfigurationPlatforms) = preSolution
		Debug|Any CPU = Debug|Any CPU
		Release|Any CPU = Release|Any CPU
	EndGlobalSection
	GlobalSection(ProjectConfigurationPlatforms) = postSolution
		{368C5A8F-43D5-4D59-825F-08AF70FF1A7E}.Debug|Any CPU.ActiveCfg = Debug|Any CPU
		{368C5A8F-43D5-4D59-825F-08AF70FF1A7E}.Debug|Any CPU.Build.0 = Debug|Any CPU
		{368C5A8F-43D5-4D59-825F-08AF70FF1A7E}.Release|Any CPU.ActiveCfg = Release|Any CPU
		{368C5A8F-43D5-4D59-825F-08AF70FF1A7E}.Release|Any CPU.Build.0 = Release|Any CPU
	EndGlobalSection
EndGlobal
